// !$*UTF8*$!
{
	archiveVersion = 1;
	classes = {
	};
	objectVersion = 50;
	objects = {

/* Begin PBXBuildFile section */
		B04D6214231C171D00C1636E /* AppDelegate.swift in Sources */ = {isa = PBXBuildFile; fileRef = B04D6213231C171D00C1636E /* AppDelegate.swift */; };
		B04D6216231C171D00C1636E /* ViewController.swift in Sources */ = {isa = PBXBuildFile; fileRef = B04D6215231C171D00C1636E /* ViewController.swift */; };
		B04D6219231C171D00C1636E /* Main.storyboard in Resources */ = {isa = PBXBuildFile; fileRef = B04D6217231C171D00C1636E /* Main.storyboard */; };
		B04D621B231C171E00C1636E /* Assets.xcassets in Resources */ = {isa = PBXBuildFile; fileRef = B04D621A231C171E00C1636E /* Assets.xcassets */; };
		B04D621E231C171E00C1636E /* LaunchScreen.storyboard in Resources */ = {isa = PBXBuildFile; fileRef = B04D621C231C171E00C1636E /* LaunchScreen.storyboard */; };
		B04D6229231C171E00C1636E /* FoodTrackerTests.swift in Sources */ = {isa = PBXBuildFile; fileRef = B04D6228231C171E00C1636E /* FoodTrackerTests.swift */; };
		B04D6234231C171E00C1636E /* FoodTrackerUITests.swift in Sources */ = {isa = PBXBuildFile; fileRef = B04D6233231C171E00C1636E /* FoodTrackerUITests.swift */; };
/* End PBXBuildFile section */

/* Begin PBXContainerItemProxy section */
		B04D6225231C171E00C1636E /* PBXContainerItemProxy */ = {
			isa = PBXContainerItemProxy;
			containerPortal = B04D6208231C171C00C1636E /* Project object */;
			proxyType = 1;
			remoteGlobalIDString = B04D620F231C171C00C1636E;
			remoteInfo = FoodTracker;
		};
		B04D6230231C171E00C1636E /* PBXContainerItemProxy */ = {
			isa = PBXContainerItemProxy;
			containerPortal = B04D6208231C171C00C1636E /* Project object */;
			proxyType = 1;
			remoteGlobalIDString = B04D620F231C171C00C1636E;
			remoteInfo = FoodTracker;
		};
/* End PBXContainerItemProxy section */

/* Begin PBXFileReference section */
		B04D6210231C171D00C1636E /* FoodTracker.app */ = {isa = PBXFileReference; explicitFileType = wrapper.application; includeInIndex = 0; path = FoodTracker.app; sourceTree = BUILT_PRODUCTS_DIR; };
		B04D6213231C171D00C1636E /* AppDelegate.swift */ = {isa = PBXFileReference; lastKnownFileType = sourcecode.swift; path = AppDelegate.swift; sourceTree = "<group>"; };
		B04D6215231C171D00C1636E /* ViewController.swift */ = {isa = PBXFileReference; lastKnownFileType = sourcecode.swift; path = ViewController.swift; sourceTree = "<group>"; };
		B04D6218231C171D00C1636E /* Base */ = {isa = PBXFileReference; lastKnownFileType = file.storyboard; name = Base; path = Base.lproj/Main.storyboard; sourceTree = "<group>"; };
		B04D621A231C171E00C1636E /* Assets.xcassets */ = {isa = PBXFileReference; lastKnownFileType = folder.assetcatalog; path = Assets.xcassets; sourceTree = "<group>"; };
		B04D621D231C171E00C1636E /* Base */ = {isa = PBXFileReference; lastKnownFileType = file.storyboard; name = Base; path = Base.lproj/LaunchScreen.storyboard; sourceTree = "<group>"; };
		B04D621F231C171E00C1636E /* Info.plist */ = {isa = PBXFileReference; lastKnownFileType = text.plist.xml; path = Info.plist; sourceTree = "<group>"; };
		B04D6224231C171E00C1636E /* FoodTrackerTests.xctest */ = {isa = PBXFileReference; explicitFileType = wrapper.cfbundle; includeInIndex = 0; path = FoodTrackerTests.xctest; sourceTree = BUILT_PRODUCTS_DIR; };
		B04D6228231C171E00C1636E /* FoodTrackerTests.swift */ = {isa = PBXFileReference; lastKnownFileType = sourcecode.swift; path = FoodTrackerTests.swift; sourceTree = "<group>"; };
		B04D622A231C171E00C1636E /* Info.plist */ = {isa = PBXFileReference; lastKnownFileType = text.plist.xml; path = Info.plist; sourceTree = "<group>"; };
		B04D622F231C171E00C1636E /* FoodTrackerUITests.xctest */ = {isa = PBXFileReference; explicitFileType = wrapper.cfbundle; includeInIndex = 0; path = FoodTrackerUITests.xctest; sourceTree = BUILT_PRODUCTS_DIR; };
		B04D6233231C171E00C1636E /* FoodTrackerUITests.swift */ = {isa = PBXFileReference; lastKnownFileType = sourcecode.swift; path = FoodTrackerUITests.swift; sourceTree = "<group>"; };
		B04D6235231C171E00C1636E /* Info.plist */ = {isa = PBXFileReference; lastKnownFileType = text.plist.xml; path = Info.plist; sourceTree = "<group>"; };
/* End PBXFileReference section */

/* Begin PBXFrameworksBuildPhase section */
		B04D620D231C171C00C1636E /* Frameworks */ = {
			isa = PBXFrameworksBuildPhase;
			buildActionMask = 2147483647;
			files = (
			);
			runOnlyForDeploymentPostprocessing = 0;
		};
		B04D6221231C171E00C1636E /* Frameworks */ = {
			isa = PBXFrameworksBuildPhase;
			buildActionMask = 2147483647;
			files = (
			);
			runOnlyForDeploymentPostprocessing = 0;
		};
		B04D622C231C171E00C1636E /* Frameworks */ = {
			isa = PBXFrameworksBuildPhase;
			buildActionMask = 2147483647;
			files = (
			);
			runOnlyForDeploymentPostprocessing = 0;
		};
/* End PBXFrameworksBuildPhase section */

/* Begin PBXGroup section */
		B04D6207231C171C00C1636E = {
			isa = PBXGroup;
			children = (
				B04D6212231C171D00C1636E /* FoodTracker */,
				B04D6227231C171E00C1636E /* FoodTrackerTests */,
				B04D6232231C171E00C1636E /* FoodTrackerUITests */,
				B04D6211231C171D00C1636E /* Products */,
			);
			sourceTree = "<group>";
		};
		B04D6211231C171D00C1636E /* Products */ = {
			isa = PBXGroup;
			children = (
				B04D6210231C171D00C1636E /* FoodTracker.app */,
				B04D6224231C171E00C1636E /* FoodTrackerTests.xctest */,
				B04D622F231C171E00C1636E /* FoodTrackerUITests.xctest */,
			);
			name = Products;
			sourceTree = "<group>";
		};
		B04D6212231C171D00C1636E /* FoodTracker */ = {
			isa = PBXGroup;
			children = (
				B04D6213231C171D00C1636E /* AppDelegate.swift */,
				B04D6215231C171D00C1636E /* ViewController.swift */,
				B04D6217231C171D00C1636E /* Main.storyboard */,
				B04D621A231C171E00C1636E /* Assets.xcassets */,
				B04D621C231C171E00C1636E /* LaunchScreen.storyboard */,
				B04D621F231C171E00C1636E /* Info.plist */,
			);
			path = FoodTracker;
			sourceTree = "<group>";
		};
		B04D6227231C171E00C1636E /* FoodTrackerTests */ = {
			isa = PBXGroup;
			children = (
				B04D6228231C171E00C1636E /* FoodTrackerTests.swift */,
				B04D622A231C171E00C1636E /* Info.plist */,
			);
			path = FoodTrackerTests;
			sourceTree = "<group>";
		};
		B04D6232231C171E00C1636E /* FoodTrackerUITests */ = {
			isa = PBXGroup;
			children = (
				B04D6233231C171E00C1636E /* FoodTrackerUITests.swift */,
				B04D6235231C171E00C1636E /* Info.plist */,
			);
			path = FoodTrackerUITests;
			sourceTree = "<group>";
		};
/* End PBXGroup section */

/* Begin PBXNativeTarget section */
		B04D620F231C171C00C1636E /* FoodTracker */ = {
			isa = PBXNativeTarget;
			buildConfigurationList = B04D6238231C171E00C1636E /* Build configuration list for PBXNativeTarget "FoodTracker" */;
			buildPhases = (
				B04D620C231C171C00C1636E /* Sources */,
				B04D620D231C171C00C1636E /* Frameworks */,
				B04D620E231C171C00C1636E /* Resources */,
			);
			buildRules = (
			);
			dependencies = (
			);
			name = FoodTracker;
			productName = FoodTracker;
			productReference = B04D6210231C171D00C1636E /* FoodTracker.app */;
			productType = "com.apple.product-type.application";
		};
		B04D6223231C171E00C1636E /* FoodTrackerTests */ = {
			isa = PBXNativeTarget;
			buildConfigurationList = B04D623B231C171E00C1636E /* Build configuration list for PBXNativeTarget "FoodTrackerTests" */;
			buildPhases = (
				B04D6220231C171E00C1636E /* Sources */,
				B04D6221231C171E00C1636E /* Frameworks */,
				B04D6222231C171E00C1636E /* Resources */,
			);
			buildRules = (
			);
			dependencies = (
				B04D6226231C171E00C1636E /* PBXTargetDependency */,
			);
			name = FoodTrackerTests;
			productName = FoodTrackerTests;
			productReference = B04D6224231C171E00C1636E /* FoodTrackerTests.xctest */;
			productType = "com.apple.product-type.bundle.unit-test";
		};
		B04D622E231C171E00C1636E /* FoodTrackerUITests */ = {
			isa = PBXNativeTarget;
			buildConfigurationList = B04D623E231C171E00C1636E /* Build configuration list for PBXNativeTarget "FoodTrackerUITests" */;
			buildPhases = (
				B04D622B231C171E00C1636E /* Sources */,
				B04D622C231C171E00C1636E /* Frameworks */,
				B04D622D231C171E00C1636E /* Resources */,
			);
			buildRules = (
			);
			dependencies = (
				B04D6231231C171E00C1636E /* PBXTargetDependency */,
			);
			name = FoodTrackerUITests;
			productName = FoodTrackerUITests;
			productReference = B04D622F231C171E00C1636E /* FoodTrackerUITests.xctest */;
			productType = "com.apple.product-type.bundle.ui-testing";
		};
/* End PBXNativeTarget section */

/* Begin PBXProject section */
		B04D6208231C171C00C1636E /* Project object */ = {
			isa = PBXProject;
			attributes = {
				LastSwiftUpdateCheck = 1010;
				LastUpgradeCheck = 1010;
				ORGANIZATIONNAME = Go7hic;
				TargetAttributes = {
					B04D620F231C171C00C1636E = {
						CreatedOnToolsVersion = 10.1;
					};
					B04D6223231C171E00C1636E = {
						CreatedOnToolsVersion = 10.1;
						TestTargetID = B04D620F231C171C00C1636E;
					};
					B04D622E231C171E00C1636E = {
						CreatedOnToolsVersion = 10.1;
						TestTargetID = B04D620F231C171C00C1636E;
					};
				};
			};
			buildConfigurationList = B04D620B231C171C00C1636E /* Build configuration list for PBXProject "FoodTracker" */;
			compatibilityVersion = "Xcode 9.3";
			developmentRegion = en;
			hasScannedForEncodings = 0;
			knownRegions = (
				en,
				Base,
			);
			mainGroup = B04D6207231C171C00C1636E;
			productRefGroup = B04D6211231C171D00C1636E /* Products */;
			projectDirPath = "";
			projectRoot = "";
			targets = (
				B04D620F231C171C00C1636E /* FoodTracker */,
				B04D6223231C171E00C1636E /* FoodTrackerTests */,
				B04D622E231C171E00C1636E /* FoodTrackerUITests */,
			);
		};
/* End PBXProject section */

/* Begin PBXResourcesBuildPhase section */
		B04D620E231C171C00C1636E /* Resources */ = {
			isa = PBXResourcesBuildPhase;
			buildActionMask = 2147483647;
			files = (
				B04D621E231C171E00C1636E /* LaunchScreen.storyboard in Resources */,
				B04D621B231C171E00C1636E /* Assets.xcassets in Resources */,
				B04D6219231C171D00C1636E /* Main.storyboard in Resources */,
			);
			runOnlyForDeploymentPostprocessing = 0;
		};
		B04D6222231C171E00C1636E /* Resources */ = {
			isa = PBXResourcesBuildPhase;
			buildActionMask = 2147483647;
			files = (
			);
			runOnlyForDeploymentPostprocessing = 0;
		};
		B04D622D231C171E00C1636E /* Resources */ = {
			isa = PBXResourcesBuildPhase;
			buildActionMask = 2147483647;
			files = (
			);
			runOnlyForDeploymentPostprocessing = 0;
		};
/* End PBXResourcesBuildPhase section */

/* Begin PBXSourcesBuildPhase section */
		B04D620C231C171C00C1636E /* Sources */ = {
			isa = PBXSourcesBuildPhase;
			buildActionMask = 2147483647;
			files = (
				B04D6216231C171D00C1636E /* ViewController.swift in Sources */,
				B04D6214231C171D00C1636E /* AppDelegate.swift in Sources */,
			);
			runOnlyForDeploymentPostprocessing = 0;
		};
		B04D6220231C171E00C1636E /* Sources */ = {
			isa = PBXSourcesBuildPhase;
			buildActionMask = 2147483647;
			files = (
				B04D6229231C171E00C1636E /* FoodTrackerTests.swift in Sources */,
			);
			runOnlyForDeploymentPostprocessing = 0;
		};
		B04D622B231C171E00C1636E /* Sources */ = {
			isa = PBXSourcesBuildPhase;
			buildActionMask = 2147483647;
			files = (
				B04D6234231C171E00C1636E /* FoodTrackerUITests.swift in Sources */,
			);
			runOnlyForDeploymentPostprocessing = 0;
		};
/* End PBXSourcesBuildPhase section */

/* Begin PBXTargetDependency section */
		B04D6226231C171E00C1636E /* PBXTargetDependency */ = {
			isa = PBXTargetDependency;
			target = B04D620F231C171C00C1636E /* FoodTracker */;
			targetProxy = B04D6225231C171E00C1636E /* PBXContainerItemProxy */;
		};
		B04D6231231C171E00C1636E /* PBXTargetDependency */ = {
			isa = PBXTargetDependency;
			target = B04D620F231C171C00C1636E /* FoodTracker */;
			targetProxy = B04D6230231C171E00C1636E /* PBXContainerItemProxy */;
		};
/* End PBXTargetDependency section */

/* Begin PBXVariantGroup section */
		B04D6217231C171D00C1636E /* Main.storyboard */ = {
			isa = PBXVariantGroup;
			children = (
				B04D6218231C171D00C1636E /* Base */,
			);
			name = Main.storyboard;
			sourceTree = "<group>";
		};
		B04D621C231C171E00C1636E /* LaunchScreen.storyboard */ = {
			isa = PBXVariantGroup;
			children = (
				B04D621D231C171E00C1636E /* Base */,
			);
			name = LaunchScreen.storyboard;
			sourceTree = "<group>";
		};
/* End PBXVariantGroup section */

/* Begin XCBuildConfiguration section */
		B04D6236231C171E00C1636E /* Debug */ = {
			isa = XCBuildConfiguration;
			buildSettings = {
				ALWAYS_SEARCH_USER_PATHS = NO;
				CLANG_ANALYZER_NONNULL = YES;
				CLANG_ANALYZER_NUMBER_OBJECT_CONVERSION = YES_AGGRESSIVE;
				CLANG_CXX_LANGUAGE_STANDARD = "gnu++14";
				CLANG_CXX_LIBRARY = "libc++";
				CLANG_ENABLE_MODULES = YES;
				CLANG_ENABLE_OBJC_ARC = YES;
				CLANG_ENABLE_OBJC_WEAK = YES;
				CLANG_WARN_BLOCK_CAPTURE_AUTORELEASING = YES;
				CLANG_WARN_BOOL_CONVERSION = YES;
				CLANG_WARN_COMMA = YES;
				CLANG_WARN_CONSTANT_CONVERSION = YES;
				CLANG_WARN_DEPRECATED_OBJC_IMPLEMENTATIONS = YES;
				CLANG_WARN_DIRECT_OBJC_ISA_USAGE = YES_ERROR;
				CLANG_WARN_DOCUMENTATION_COMMENTS = YES;
				CLANG_WARN_EMPTY_BODY = YES;
				CLANG_WARN_ENUM_CONVERSION = YES;
				CLANG_WARN_INFINITE_RECURSION = YES;
				CLANG_WARN_INT_CONVERSION = YES;
				CLANG_WARN_NON_LITERAL_NULL_CONVERSION = YES;
				CLANG_WARN_OBJC_IMPLICIT_RETAIN_SELF = YES;
				CLANG_WARN_OBJC_LITERAL_CONVERSION = YES;
				CLANG_WARN_OBJC_ROOT_CLASS = YES_ERROR;
				CLANG_WARN_RANGE_LOOP_ANALYSIS = YES;
				CLANG_WARN_STRICT_PROTOTYPES = YES;
				CLANG_WARN_SUSPICIOUS_MOVE = YES;
				CLANG_WARN_UNGUARDED_AVAILABILITY = YES_AGGRESSIVE;
				CLANG_WARN_UNREACHABLE_CODE = YES;
				CLANG_WARN__DUPLICATE_METHOD_MATCH = YES;
				CODE_SIGN_IDENTITY = "iPhone Developer";
				COPY_PHASE_STRIP = NO;
				DEBUG_INFORMATION_FORMAT = dwarf;
				ENABLE_STRICT_OBJC_MSGSEND = YES;
				ENABLE_TESTABILITY = YES;
				GCC_C_LANGUAGE_STANDARD = gnu11;
				GCC_DYNAMIC_NO_PIC = NO;
				GCC_NO_COMMON_BLOCKS = YES;
				GCC_OPTIMIZATION_LEVEL = 0;
				GCC_PREPROCESSOR_DEFINITIONS = (
					"DEBUG=1",
					"$(inherited)",
				);
				GCC_WARN_64_TO_32_BIT_CONVERSION = YES;
				GCC_WARN_ABOUT_RETURN_TYPE = YES_ERROR;
				GCC_WARN_UNDECLARED_SELECTOR = YES;
				GCC_WARN_UNINITIALIZED_AUTOS = YES_AGGRESSIVE;
				GCC_WARN_UNUSED_FUNCTION = YES;
				GCC_WARN_UNUSED_VARIABLE = YES;
				IPHONEOS_DEPLOYMENT_TARGET = 12.1;
				MTL_ENABLE_DEBUG_INFO = INCLUDE_SOURCE;
				MTL_FAST_MATH = YES;
				ONLY_ACTIVE_ARCH = YES;
				SDKROOT = iphoneos;
				SWIFT_ACTIVE_COMPILATION_CONDITIONS = DEBUG;
				SWIFT_OPTIMIZATION_LEVEL = "-Onone";
			};
			name = Debug;
		};
		B04D6237231C171E00C1636E /* Release */ = {
			isa = XCBuildConfiguration;
			buildSettings = {
				ALWAYS_SEARCH_USER_PATHS = NO;
				CLANG_ANALYZER_NONNULL = YES;
				CLANG_ANALYZER_NUMBER_OBJECT_CONVERSION = YES_AGGRESSIVE;
				CLANG_CXX_LANGUAGE_STANDARD = "gnu++14";
				CLANG_CXX_LIBRARY = "libc++";
				CLANG_ENABLE_MODULES = YES;
				CLANG_ENABLE_OBJC_ARC = YES;
				CLANG_ENABLE_OBJC_WEAK = YES;
				CLANG_WARN_BLOCK_CAPTURE_AUTORELEASING = YES;
				CLANG_WARN_BOOL_CONVERSION = YES;
				CLANG_WARN_COMMA = YES;
				CLANG_WARN_CONSTANT_CONVERSION = YES;
				CLANG_WARN_DEPRECATED_OBJC_IMPLEMENTATIONS = YES;
				CLANG_WARN_DIRECT_OBJC_ISA_USAGE = YES_ERROR;
				CLANG_WARN_DOCUMENTATION_COMMENTS = YES;
				CLANG_WARN_EMPTY_BODY = YES;
				CLANG_WARN_ENUM_CONVERSION = YES;
				CLANG_WARN_INFINITE_RECURSION = YES;
				CLANG_WARN_INT_CONVERSION = YES;
				CLANG_WARN_NON_LITERAL_NULL_CONVERSION = YES;
				CLANG_WARN_OBJC_IMPLICIT_RETAIN_SELF = YES;
				CLANG_WARN_OBJC_LITERAL_CONVERSION = YES;
				CLANG_WARN_OBJC_ROOT_CLASS = YES_ERROR;
				CLANG_WARN_RANGE_LOOP_ANALYSIS = YES;
				CLANG_WARN_STRICT_PROTOTYPES = YES;
				CLANG_WARN_SUSPICIOUS_MOVE = YES;
				CLANG_WARN_UNGUARDED_AVAILABILITY = YES_AGGRESSIVE;
				CLANG_WARN_UNREACHABLE_CODE = YES;
				CLANG_WARN__DUPLICATE_METHOD_MATCH = YES;
				CODE_SIGN_IDENTITY = "iPhone Developer";
				COPY_PHASE_STRIP = NO;
				DEBUG_INFORMATION_FORMAT = "dwarf-with-dsym";
				ENABLE_NS_ASSERTIONS = NO;
				ENABLE_STRICT_OBJC_MSGSEND = YES;
				GCC_C_LANGUAGE_STANDARD = gnu11;
				GCC_NO_COMMON_BLOCKS = YES;
				GCC_WARN_64_TO_32_BIT_CONVERSION = YES;
				GCC_WARN_ABOUT_RETURN_TYPE = YES_ERROR;
				GCC_WARN_UNDECLARED_SELECTOR = YES;
				GCC_WARN_UNINITIALIZED_AUTOS = YES_AGGRESSIVE;
				GCC_WARN_UNUSED_FUNCTION = YES;
				GCC_WARN_UNUSED_VARIABLE = YES;
				IPHONEOS_DEPLOYMENT_TARGET = 12.1;
				MTL_ENABLE_DEBUG_INFO = NO;
				MTL_FAST_MATH = YES;
				SDKROOT = iphoneos;
				SWIFT_COMPILATION_MODE = wholemodule;
				SWIFT_OPTIMIZATION_LEVEL = "-O";
				VALIDATE_PRODUCT = YES;
			};
			name = Release;
		};
		B04D6239231C171E00C1636E /* Debug */ = {
			isa = XCBuildConfiguration;
			buildSettings = {
				ASSETCATALOG_COMPILER_APPICON_NAME = AppIcon;
				CODE_SIGN_STYLE = Automatic;
				DEVELOPMENT_TEAM = CE8N4Z6AQ3;
				INFOPLIST_FILE = FoodTracker/Info.plist;
				LD_RUNPATH_SEARCH_PATHS = (
					"$(inherited)",
					"@executable_path/Frameworks",
				);
				PRODUCT_BUNDLE_IDENTIFIER = Go7hic.FoodTracker;
				PRODUCT_NAME = "$(TARGET_NAME)";
				SWIFT_VERSION = 4.2;
				TARGETED_DEVICE_FAMILY = "1,2";
			};
			name = Debug;
		};
		B04D623A231C171E00C1636E /* Release */ = {
			isa = XCBuildConfiguration;
			buildSettings = {
				ASSETCATALOG_COMPILER_APPICON_NAME = AppIcon;
				CODE_SIGN_STYLE = Automatic;
				DEVELOPMENT_TEAM = CE8N4Z6AQ3;
				INFOPLIST_FILE = FoodTracker/Info.plist;
				LD_RUNPATH_SEARCH_PATHS = (
					"$(inherited)",
					"@executable_path/Frameworks",
				);
				PRODUCT_BUNDLE_IDENTIFIER = Go7hic.FoodTracker;
				PRODUCT_NAME = "$(TARGET_NAME)";
				SWIFT_VERSION = 4.2;
				TARGETED_DEVICE_FAMILY = "1,2";
			};
			name = Release;
		};
		B04D623C231C171E00C1636E /* Debug */ = {
			isa = XCBuildConfiguration;
			buildSettings = {
				ALWAYS_EMBED_SWIFT_STANDARD_LIBRARIES = YES;
				BUNDLE_LOADER = "$(TEST_HOST)";
				CODE_SIGN_STYLE = Automatic;
				DEVELOPMENT_TEAM = CE8N4Z6AQ3;
				INFOPLIST_FILE = FoodTrackerTests/Info.plist;
				LD_RUNPATH_SEARCH_PATHS = (
					"$(inherited)",
					"@executable_path/Frameworks",
					"@loader_path/Frameworks",
				);
				PRODUCT_BUNDLE_IDENTIFIER = Go7hic.FoodTrackerTests;
				PRODUCT_NAME = "$(TARGET_NAME)";
				SWIFT_VERSION = 4.2;
				TARGETED_DEVICE_FAMILY = "1,2";
				TEST_HOST = "$(BUILT_PRODUCTS_DIR)/FoodTracker.app/FoodTracker";
			};
			name = Debug;
		};
		B04D623D231C171E00C1636E /* Release */ = {
			isa = XCBuildConfiguration;
			buildSettings = {
				ALWAYS_EMBED_SWIFT_STANDARD_LIBRARIES = YES;
				BUNDLE_LOADER = "$(TEST_HOST)";
				CODE_SIGN_STYLE = Automatic;
				DEVELOPMENT_TEAM = CE8N4Z6AQ3;
				INFOPLIST_FILE = FoodTrackerTests/Info.plist;
				LD_RUNPATH_SEARCH_PATHS = (
					"$(inherited)",
					"@executable_path/Frameworks",
					"@loader_path/Frameworks",
				);
				PRODUCT_BUNDLE_IDENTIFIER = Go7hic.FoodTrackerTests;
				PRODUCT_NAME = "$(TARGET_NAME)";
				SWIFT_VERSION = 4.2;
				TARGETED_DEVICE_FAMILY = "1,2";
				TEST_HOST = "$(BUILT_PRODUCTS_DIR)/FoodTracker.app/FoodTracker";
			};
			name = Release;
		};
		B04D623F231C171E00C1636E /* Debug */ = {
			isa = XCBuildConfiguration;
			buildSettings = {
				ALWAYS_EMBED_SWIFT_STANDARD_LIBRARIES = YES;
				CODE_SIGN_STYLE = Automatic;
				DEVELOPMENT_TEAM = CE8N4Z6AQ3;
				INFOPLIST_FILE = FoodTrackerUITests/Info.plist;
				LD_RUNPATH_SEARCH_PATHS = (
					"$(inherited)",
					"@executable_path/Frameworks",
					"@loader_path/Frameworks",
				);
				PRODUCT_BUNDLE_IDENTIFIER = Go7hic.FoodTrackerUITests;
				PRODUCT_NAME = "$(TARGET_NAME)";
				SWIFT_VERSION = 4.2;
				TARGETED_DEVICE_FAMILY = "1,2";
				TEST_TARGET_NAME = FoodTracker;
			};
			name = Debug;
		};
		B04D6240231C171E00C1636E /* Release */ = {
			isa = XCBuildConfiguration;
			buildSettings = {
				ALWAYS_EMBED_SWIFT_STANDARD_LIBRARIES = YES;
				CODE_SIGN_STYLE = Automatic;
				DEVELOPMENT_TEAM = CE8N4Z6AQ3;
				INFOPLIST_FILE = FoodTrackerUITests/Info.plist;
				LD_RUNPATH_SEARCH_PATHS = (
					"$(inherited)",
					"@executable_path/Frameworks",
					"@loader_path/Frameworks",
				);
				PRODUCT_BUNDLE_IDENTIFIER = Go7hic.FoodTrackerUITests;
				PRODUCT_NAME = "$(TARGET_NAME)";
				SWIFT_VERSION = 4.2;
				TARGETED_DEVICE_FAMILY = "1,2";
				TEST_TARGET_NAME = FoodTracker;
			};
			name = Release;
		};
/* End XCBuildConfiguration section */

/* Begin XCConfigurationList section */
		B04D620B231C171C00C1636E /* Build configuration list for PBXProject "FoodTracker" */ = {
			isa = XCConfigurationList;
			buildConfigurations = (
				B04D6236231C171E00C1636E /* Debug */,
				B04D6237231C171E00C1636E /* Release */,
			);
			defaultConfigurationIsVisible = 0;
			defaultConfigurationName = Release;
		};
		B04D6238231C171E00C1636E /* Build configuration list for PBXNativeTarget "FoodTracker" */ = {
			isa = XCConfigurationList;
			buildConfigurations = (
				B04D6239231C171E00C1636E /* Debug */,
				B04D623A231C171E00C1636E /* Release */,
			);
			defaultConfigurationIsVisible = 0;
			defaultConfigurationName = Release;
		};
		B04D623B231C171E00C1636E /* Build configuration list for PBXNativeTarget "FoodTrackerTests" */ = {
			isa = XCConfigurationList;
			buildConfigurations = (
				B04D623C231C171E00C1636E /* Debug */,
				B04D623D231C171E00C1636E /* Release */,
			);
			defaultConfigurationIsVisible = 0;
			defaultConfigurationName = Release;
		};
		B04D623E231C171E00C1636E /* Build configuration list for PBXNativeTarget "FoodTrackerUITests" */ = {
			isa = XCConfigurationList;
			buildConfigurations = (
				B04D623F231C171E00C1636E /* Debug */,
				B04D6240231C171E00C1636E /* Release */,
			);
			defaultConfigurationIsVisible = 0;
			defaultConfigurationName = Release;
		};
/* End XCConfigurationList section */
	};
	rootObject = B04D6208231C171C00C1636E /* Project object */;
}
