// !$*UTF8*$!
{
	archiveVersion = 1;
	classes = {
	};
	objectVersion = 50;
	objects = {

/* Begin PBXBuildFile section */
		B0682E8C232BF9C6001F40AF /* AppDelegate.swift in Sources */ = {isa = PBXBuildFile; fileRef = B0682E8B232BF9C6001F40AF /* AppDelegate.swift */; };
		B0682E8E232BF9C6001F40AF /* ViewController.swift in Sources */ = {isa = PBXBuildFile; fileRef = B0682E8D232BF9C6001F40AF /* ViewController.swift */; };
		B0682E91232BF9C6001F40AF /* Main.storyboard in Resources */ = {isa = PBXBuildFile; fileRef = B0682E8F232BF9C6001F40AF /* Main.storyboard */; };
		B0682E93232BF9C8001F40AF /* Assets.xcassets in Resources */ = {isa = PBXBuildFile; fileRef = B0682E92232BF9C8001F40AF /* Assets.xcassets */; };
		B0682E96232BF9C8001F40AF /* LaunchScreen.storyboard in Resources */ = {isa = PBXBuildFile; fileRef = B0682E94232BF9C8001F40AF /* LaunchScreen.storyboard */; };
		B0682E9E232BFA22001F40AF /* UIImage+Gif.swift in Sources */ = {isa = PBXBuildFile; fileRef = B0682E9D232BFA22001F40AF /* UIImage+Gif.swift */; };
/* End PBXBuildFile section */

/* Begin PBXFileReference section */
		B0682E88232BF9C6001F40AF /* Morning Briefing.app */ = {isa = PBXFileReference; explicitFileType = wrapper.application; includeInIndex = 0; path = "Morning Briefing.app"; sourceTree = BUILT_PRODUCTS_DIR; };
		B0682E8B232BF9C6001F40AF /* AppDelegate.swift */ = {isa = PBXFileReference; lastKnownFileType = sourcecode.swift; path = AppDelegate.swift; sourceTree = "<group>"; };
		B0682E8D232BF9C6001F40AF /* ViewController.swift */ = {isa = PBXFileReference; lastKnownFileType = sourcecode.swift; path = ViewController.swift; sourceTree = "<group>"; };
		B0682E90232BF9C6001F40AF /* Base */ = {isa = PBXFileReference; lastKnownFileType = file.storyboard; name = Base; path = Base.lproj/Main.storyboard; sourceTree = "<group>"; };
		B0682E92232BF9C8001F40AF /* Assets.xcassets */ = {isa = PBXFileReference; lastKnownFileType = folder.assetcatalog; path = Assets.xcassets; sourceTree = "<group>"; };
		B0682E95232BF9C8001F40AF /* Base */ = {isa = PBXFileReference; lastKnownFileType = file.storyboard; name = Base; path = Base.lproj/LaunchScreen.storyboard; sourceTree = "<group>"; };
		B0682E97232BF9C8001F40AF /* Info.plist */ = {isa = PBXFileReference; lastKnownFileType = text.plist.xml; path = Info.plist; sourceTree = "<group>"; };
		B0682E9D232BFA22001F40AF /* UIImage+Gif.swift */ = {isa = PBXFileReference; fileEncoding = 4; lastKnownFileType = sourcecode.swift; path = "UIImage+Gif.swift"; sourceTree = "<group>"; };
/* End PBXFileReference section */

/* Begin PBXFrameworksBuildPhase section */
		B0682E85232BF9C6001F40AF /* Frameworks */ = {
			isa = PBXFrameworksBuildPhase;
			buildActionMask = 2147483647;
			files = (
			);
			runOnlyForDeploymentPostprocessing = 0;
		};
/* End PBXFrameworksBuildPhase section */

/* Begin PBXGroup section */
		B0682E7F232BF9C6001F40AF = {
			isa = PBXGroup;
			children = (
				B0682E8A232BF9C6001F40AF /* Morning Briefing */,
				B0682E89232BF9C6001F40AF /* Products */,
			);
			sourceTree = "<group>";
		};
		B0682E89232BF9C6001F40AF /* Products */ = {
			isa = PBXGroup;
			children = (
				B0682E88232BF9C6001F40AF /* Morning Briefing.app */,
			);
			name = Products;
			sourceTree = "<group>";
		};
		B0682E8A232BF9C6001F40AF /* Morning Briefing */ = {
			isa = PBXGroup;
			children = (
				B0682E8B232BF9C6001F40AF /* AppDelegate.swift */,
				B0682E8D232BF9C6001F40AF /* ViewController.swift */,
				B0682E8F232BF9C6001F40AF /* Main.storyboard */,
				B0682E92232BF9C8001F40AF /* Assets.xcassets */,
				B0682E94232BF9C8001F40AF /* LaunchScreen.storyboard */,
				B0682E97232BF9C8001F40AF /* Info.plist */,
				B0682E9D232BFA22001F40AF /* UIImage+Gif.swift */,
			);
			path = "Morning Briefing";
			sourceTree = "<group>";
		};
/* End PBXGroup section */

/* Begin PBXNativeTarget section */
		B0682E87232BF9C6001F40AF /* Morning Briefing */ = {
			isa = PBXNativeTarget;
			buildConfigurationList = B0682E9A232BF9C8001F40AF /* Build configuration list for PBXNativeTarget "Morning Briefing" */;
			buildPhases = (
				B0682E84232BF9C6001F40AF /* Sources */,
				B0682E85232BF9C6001F40AF /* Frameworks */,
				B0682E86232BF9C6001F40AF /* Resources */,
			);
			buildRules = (
			);
			dependencies = (
			);
			name = "Morning Briefing";
			productName = "Morning Briefing";
			productReference = B0682E88232BF9C6001F40AF /* Morning Briefing.app */;
			productType = "com.apple.product-type.application";
		};
/* End PBXNativeTarget section */

/* Begin PBXProject section */
		B0682E80232BF9C6001F40AF /* Project object */ = {
			isa = PBXProject;
			attributes = {
				LastSwiftUpdateCheck = 1010;
				LastUpgradeCheck = 1010;
				ORGANIZATIONNAME = Go7hic;
				TargetAttributes = {
					B0682E87232BF9C6001F40AF = {
						CreatedOnToolsVersion = 10.1;
					};
				};
			};
			buildConfigurationList = B0682E83232BF9C6001F40AF /* Build configuration list for PBXProject "Morning Briefing" */;
			compatibilityVersion = "Xcode 9.3";
			developmentRegion = en;
			hasScannedForEncodings = 0;
			knownRegions = (
				en,
				Base,
			);
			mainGroup = B0682E7F232BF9C6001F40AF;
			productRefGroup = B0682E89232BF9C6001F40AF /* Products */;
			projectDirPath = "";
			projectRoot = "";
			targets = (
				B0682E87232BF9C6001F40AF /* Morning Briefing */,
			);
		};
/* End PBXProject section */

/* Begin PBXResourcesBuildPhase section */
		B0682E86232BF9C6001F40AF /* Resources */ = {
			isa = PBXResourcesBuildPhase;
			buildActionMask = 2147483647;
			files = (
				B0682E96232BF9C8001F40AF /* LaunchScreen.storyboard in Resources */,
				B0682E93232BF9C8001F40AF /* Assets.xcassets in Resources */,
				B0682E91232BF9C6001F40AF /* Main.storyboard in Resources */,
			);
			runOnlyForDeploymentPostprocessing = 0;
		};
/* End PBXResourcesBuildPhase section */

/* Begin PBXSourcesBuildPhase section */
		B0682E84232BF9C6001F40AF /* Sources */ = {
			isa = PBXSourcesBuildPhase;
			buildActionMask = 2147483647;
			files = (
				B0682E9E232BFA22001F40AF /* UIImage+Gif.swift in Sources */,
				B0682E8E232BF9C6001F40AF /* ViewController.swift in Sources */,
				B0682E8C232BF9C6001F40AF /* AppDelegate.swift in Sources */,
			);
			runOnlyForDeploymentPostprocessing = 0;
		};
/* End PBXSourcesBuildPhase section */

/* Begin PBXVariantGroup section */
		B0682E8F232BF9C6001F40AF /* Main.storyboard */ = {
			isa = PBXVariantGroup;
			children = (
				B0682E90232BF9C6001F40AF /* Base */,
			);
			name = Main.storyboard;
			sourceTree = "<group>";
		};
		B0682E94232BF9C8001F40AF /* LaunchScreen.storyboard */ = {
			isa = PBXVariantGroup;
			children = (
				B0682E95232BF9C8001F40AF /* Base */,
			);
			name = LaunchScreen.storyboard;
			sourceTree = "<group>";
		};
/* End PBXVariantGroup section */

/* Begin XCBuildConfiguration section */
		B0682E98232BF9C8001F40AF /* Debug */ = {
			isa = XCBuildConfiguration;
			buildSettings = {
				ALWAYS_SEARCH_USER_PATHS = NO;
				CLANG_ANALYZER_NONNULL = YES;
				CLANG_ANALYZER_NUMBER_OBJECT_CONVERSION = YES_AGGRESSIVE;
				CLANG_CXX_LANGUAGE_STANDARD = "gnu++14";
				CLANG_CXX_LIBRARY = "libc++";
				CLANG_ENABLE_MODULES = YES;
				CLANG_ENABLE_OBJC_ARC = YES;
				CLANG_ENABLE_OBJC_WEAK = YES;
				CLANG_WARN_BLOCK_CAPTURE_AUTORELEASING = YES;
				CLANG_WARN_BOOL_CONVERSION = YES;
				CLANG_WARN_COMMA = YES;
				CLANG_WARN_CONSTANT_CONVERSION = YES;
				CLANG_WARN_DEPRECATED_OBJC_IMPLEMENTATIONS = YES;
				CLANG_WARN_DIRECT_OBJC_ISA_USAGE = YES_ERROR;
				CLANG_WARN_DOCUMENTATION_COMMENTS = YES;
				CLANG_WARN_EMPTY_BODY = YES;
				CLANG_WARN_ENUM_CONVERSION = YES;
				CLANG_WARN_INFINITE_RECURSION = YES;
				CLANG_WARN_INT_CONVERSION = YES;
				CLANG_WARN_NON_LITERAL_NULL_CONVERSION = YES;
				CLANG_WARN_OBJC_IMPLICIT_RETAIN_SELF = YES;
				CLANG_WARN_OBJC_LITERAL_CONVERSION = YES;
				CLANG_WARN_OBJC_ROOT_CLASS = YES_ERROR;
				CLANG_WARN_RANGE_LOOP_ANALYSIS = YES;
				CLANG_WARN_STRICT_PROTOTYPES = YES;
				CLANG_WARN_SUSPICIOUS_MOVE = YES;
				CLANG_WARN_UNGUARDED_AVAILABILITY = YES_AGGRESSIVE;
				CLANG_WARN_UNREACHABLE_CODE = YES;
				CLANG_WARN__DUPLICATE_METHOD_MATCH = YES;
				CODE_SIGN_IDENTITY = "iPhone Developer";
				COPY_PHASE_STRIP = NO;
				DEBUG_INFORMATION_FORMAT = dwarf;
				ENABLE_STRICT_OBJC_MSGSEND = YES;
				ENABLE_TESTABILITY = YES;
				GCC_C_LANGUAGE_STANDARD = gnu11;
				GCC_DYNAMIC_NO_PIC = NO;
				GCC_NO_COMMON_BLOCKS = YES;
				GCC_OPTIMIZATION_LEVEL = 0;
				GCC_PREPROCESSOR_DEFINITIONS = (
					"DEBUG=1",
					"$(inherited)",
				);
				GCC_WARN_64_TO_32_BIT_CONVERSION = YES;
				GCC_WARN_ABOUT_RETURN_TYPE = YES_ERROR;
				GCC_WARN_UNDECLARED_SELECTOR = YES;
				GCC_WARN_UNINITIALIZED_AUTOS = YES_AGGRESSIVE;
				GCC_WARN_UNUSED_FUNCTION = YES;
				GCC_WARN_UNUSED_VARIABLE = YES;
				IPHONEOS_DEPLOYMENT_TARGET = 12.1;
				MTL_ENABLE_DEBUG_INFO = INCLUDE_SOURCE;
				MTL_FAST_MATH = YES;
				ONLY_ACTIVE_ARCH = YES;
				SDKROOT = iphoneos;
				SWIFT_ACTIVE_COMPILATION_CONDITIONS = DEBUG;
				SWIFT_OPTIMIZATION_LEVEL = "-Onone";
			};
			name = Debug;
		};
		B0682E99232BF9C8001F40AF /* Release */ = {
			isa = XCBuildConfiguration;
			buildSettings = {
				ALWAYS_SEARCH_USER_PATHS = NO;
				CLANG_ANALYZER_NONNULL = YES;
				CLANG_ANALYZER_NUMBER_OBJECT_CONVERSION = YES_AGGRESSIVE;
				CLANG_CXX_LANGUAGE_STANDARD = "gnu++14";
				CLANG_CXX_LIBRARY = "libc++";
				CLANG_ENABLE_MODULES = YES;
				CLANG_ENABLE_OBJC_ARC = YES;
				CLANG_ENABLE_OBJC_WEAK = YES;
				CLANG_WARN_BLOCK_CAPTURE_AUTORELEASING = YES;
				CLANG_WARN_BOOL_CONVERSION = YES;
				CLANG_WARN_COMMA = YES;
				CLANG_WARN_CONSTANT_CONVERSION = YES;
				CLANG_WARN_DEPRECATED_OBJC_IMPLEMENTATIONS = YES;
				CLANG_WARN_DIRECT_OBJC_ISA_USAGE = YES_ERROR;
				CLANG_WARN_DOCUMENTATION_COMMENTS = YES;
				CLANG_WARN_EMPTY_BODY = YES;
				CLANG_WARN_ENUM_CONVERSION = YES;
				CLANG_WARN_INFINITE_RECURSION = YES;
				CLANG_WARN_INT_CONVERSION = YES;
				CLANG_WARN_NON_LITERAL_NULL_CONVERSION = YES;
				CLANG_WARN_OBJC_IMPLICIT_RETAIN_SELF = YES;
				CLANG_WARN_OBJC_LITERAL_CONVERSION = YES;
				CLANG_WARN_OBJC_ROOT_CLASS = YES_ERROR;
				CLANG_WARN_RANGE_LOOP_ANALYSIS = YES;
				CLANG_WARN_STRICT_PROTOTYPES = YES;
				CLANG_WARN_SUSPICIOUS_MOVE = YES;
				CLANG_WARN_UNGUARDED_AVAILABILITY = YES_AGGRESSIVE;
				CLANG_WARN_UNREACHABLE_CODE = YES;
				CLANG_WARN__DUPLICATE_METHOD_MATCH = YES;
				CODE_SIGN_IDENTITY = "iPhone Developer";
				COPY_PHASE_STRIP = NO;
				DEBUG_INFORMATION_FORMAT = "dwarf-with-dsym";
				ENABLE_NS_ASSERTIONS = NO;
				ENABLE_STRICT_OBJC_MSGSEND = YES;
				GCC_C_LANGUAGE_STANDARD = gnu11;
				GCC_NO_COMMON_BLOCKS = YES;
				GCC_WARN_64_TO_32_BIT_CONVERSION = YES;
				GCC_WARN_ABOUT_RETURN_TYPE = YES_ERROR;
				GCC_WARN_UNDECLARED_SELECTOR = YES;
				GCC_WARN_UNINITIALIZED_AUTOS = YES_AGGRESSIVE;
				GCC_WARN_UNUSED_FUNCTION = YES;
				GCC_WARN_UNUSED_VARIABLE = YES;
				IPHONEOS_DEPLOYMENT_TARGET = 12.1;
				MTL_ENABLE_DEBUG_INFO = NO;
				MTL_FAST_MATH = YES;
				SDKROOT = iphoneos;
				SWIFT_COMPILATION_MODE = wholemodule;
				SWIFT_OPTIMIZATION_LEVEL = "-O";
				VALIDATE_PRODUCT = YES;
			};
			name = Release;
		};
		B0682E9B232BF9C8001F40AF /* Debug */ = {
			isa = XCBuildConfiguration;
			buildSettings = {
				ASSETCATALOG_COMPILER_APPICON_NAME = AppIcon;
				CODE_SIGN_STYLE = Automatic;
				DEVELOPMENT_TEAM = CE8N4Z6AQ3;
				INFOPLIST_FILE = "Morning Briefing/Info.plist";
				LD_RUNPATH_SEARCH_PATHS = (
					"$(inherited)",
					"@executable_path/Frameworks",
				);
				PRODUCT_BUNDLE_IDENTIFIER = "Go7hic.Morning-Briefing";
				PRODUCT_NAME = "$(TARGET_NAME)";
				SWIFT_VERSION = 4.2;
				TARGETED_DEVICE_FAMILY = "1,2";
			};
			name = Debug;
		};
		B0682E9C232BF9C8001F40AF /* Release */ = {
			isa = XCBuildConfiguration;
			buildSettings = {
				ASSETCATALOG_COMPILER_APPICON_NAME = AppIcon;
				CODE_SIGN_STYLE = Automatic;
				DEVELOPMENT_TEAM = CE8N4Z6AQ3;
				INFOPLIST_FILE = "Morning Briefing/Info.plist";
				LD_RUNPATH_SEARCH_PATHS = (
					"$(inherited)",
					"@executable_path/Frameworks",
				);
				PRODUCT_BUNDLE_IDENTIFIER = "Go7hic.Morning-Briefing";
				PRODUCT_NAME = "$(TARGET_NAME)";
				SWIFT_VERSION = 4.2;
				TARGETED_DEVICE_FAMILY = "1,2";
			};
			name = Release;
		};
/* End XCBuildConfiguration section */

/* Begin XCConfigurationList section */
		B0682E83232BF9C6001F40AF /* Build configuration list for PBXProject "Morning Briefing" */ = {
			isa = XCConfigurationList;
			buildConfigurations = (
				B0682E98232BF9C8001F40AF /* Debug */,
				B0682E99232BF9C8001F40AF /* Release */,
			);
			defaultConfigurationIsVisible = 0;
			defaultConfigurationName = Release;
		};
		B0682E9A232BF9C8001F40AF /* Build configuration list for PBXNativeTarget "Morning Briefing" */ = {
			isa = XCConfigurationList;
			buildConfigurations = (
				B0682E9B232BF9C8001F40AF /* Debug */,
				B0682E9C232BF9C8001F40AF /* Release */,
			);
			defaultConfigurationIsVisible = 0;
			defaultConfigurationName = Release;
		};
/* End XCConfigurationList section */
	};
	rootObject = B0682E80232BF9C6001F40AF /* Project object */;
}
