// !$*UTF8*$!
{
	archiveVersion = 1;
	classes = {
	};
	objectVersion = 50;
	objects = {

/* Begin PBXBuildFile section */
		B022FEC22327F164005F10E0 /* AppDelegate.swift in Sources */ = {isa = PBXBuildFile; fileRef = B022FEC12327F164005F10E0 /* AppDelegate.swift */; };
		B022FEC42327F164005F10E0 /* ViewController.swift in Sources */ = {isa = PBXBuildFile; fileRef = B022FEC32327F164005F10E0 /* ViewController.swift */; };
		B022FEC72327F164005F10E0 /* Main.storyboard in Resources */ = {isa = PBXBuildFile; fileRef = B022FEC52327F164005F10E0 /* Main.storyboard */; };
		B022FEC92327F166005F10E0 /* Assets.xcassets in Resources */ = {isa = PBXBuildFile; fileRef = B022FEC82327F166005F10E0 /* Assets.xcassets */; };
		B022FECC2327F166005F10E0 /* LaunchScreen.storyboard in Resources */ = {isa = PBXBuildFile; fileRef = B022FECA2327F166005F10E0 /* LaunchScreen.storyboard */; };
		B022FED72327F166005F10E0 /* BuggyTests.swift in Sources */ = {isa = PBXBuildFile; fileRef = B022FED62327F166005F10E0 /* BuggyTests.swift */; };
		B022FEE22327F166005F10E0 /* BuggyUITests.swift in Sources */ = {isa = PBXBuildFile; fileRef = B022FEE12327F166005F10E0 /* BuggyUITests.swift */; };
/* End PBXBuildFile section */

/* Begin PBXContainerItemProxy section */
		B022FED32327F166005F10E0 /* PBXContainerItemProxy */ = {
			isa = PBXContainerItemProxy;
			containerPortal = B022FEB62327F164005F10E0 /* Project object */;
			proxyType = 1;
			remoteGlobalIDString = B022FEBD2327F164005F10E0;
			remoteInfo = Buggy;
		};
		B022FEDE2327F166005F10E0 /* PBXContainerItemProxy */ = {
			isa = PBXContainerItemProxy;
			containerPortal = B022FEB62327F164005F10E0 /* Project object */;
			proxyType = 1;
			remoteGlobalIDString = B022FEBD2327F164005F10E0;
			remoteInfo = Buggy;
		};
/* End PBXContainerItemProxy section */

/* Begin PBXFileReference section */
		B022FEBE2327F164005F10E0 /* Buggy.app */ = {isa = PBXFileReference; explicitFileType = wrapper.application; includeInIndex = 0; path = Buggy.app; sourceTree = BUILT_PRODUCTS_DIR; };
		B022FEC12327F164005F10E0 /* AppDelegate.swift */ = {isa = PBXFileReference; lastKnownFileType = sourcecode.swift; path = AppDelegate.swift; sourceTree = "<group>"; };
		B022FEC32327F164005F10E0 /* ViewController.swift */ = {isa = PBXFileReference; lastKnownFileType = sourcecode.swift; path = ViewController.swift; sourceTree = "<group>"; };
		B022FEC62327F164005F10E0 /* Base */ = {isa = PBXFileReference; lastKnownFileType = file.storyboard; name = Base; path = Base.lproj/Main.storyboard; sourceTree = "<group>"; };
		B022FEC82327F166005F10E0 /* Assets.xcassets */ = {isa = PBXFileReference; lastKnownFileType = folder.assetcatalog; path = Assets.xcassets; sourceTree = "<group>"; };
		B022FECB2327F166005F10E0 /* Base */ = {isa = PBXFileReference; lastKnownFileType = file.storyboard; name = Base; path = Base.lproj/LaunchScreen.storyboard; sourceTree = "<group>"; };
		B022FECD2327F166005F10E0 /* Info.plist */ = {isa = PBXFileReference; lastKnownFileType = text.plist.xml; path = Info.plist; sourceTree = "<group>"; };
		B022FED22327F166005F10E0 /* BuggyTests.xctest */ = {isa = PBXFileReference; explicitFileType = wrapper.cfbundle; includeInIndex = 0; path = BuggyTests.xctest; sourceTree = BUILT_PRODUCTS_DIR; };
		B022FED62327F166005F10E0 /* BuggyTests.swift */ = {isa = PBXFileReference; lastKnownFileType = sourcecode.swift; path = BuggyTests.swift; sourceTree = "<group>"; };
		B022FED82327F166005F10E0 /* Info.plist */ = {isa = PBXFileReference; lastKnownFileType = text.plist.xml; path = Info.plist; sourceTree = "<group>"; };
		B022FEDD2327F166005F10E0 /* BuggyUITests.xctest */ = {isa = PBXFileReference; explicitFileType = wrapper.cfbundle; includeInIndex = 0; path = BuggyUITests.xctest; sourceTree = BUILT_PRODUCTS_DIR; };
		B022FEE12327F166005F10E0 /* BuggyUITests.swift */ = {isa = PBXFileReference; lastKnownFileType = sourcecode.swift; path = BuggyUITests.swift; sourceTree = "<group>"; };
		B022FEE32327F166005F10E0 /* Info.plist */ = {isa = PBXFileReference; lastKnownFileType = text.plist.xml; path = Info.plist; sourceTree = "<group>"; };
/* End PBXFileReference section */

/* Begin PBXFrameworksBuildPhase section */
		B022FEBB2327F164005F10E0 /* Frameworks */ = {
			isa = PBXFrameworksBuildPhase;
			buildActionMask = 2147483647;
			files = (
			);
			runOnlyForDeploymentPostprocessing = 0;
		};
		B022FECF2327F166005F10E0 /* Frameworks */ = {
			isa = PBXFrameworksBuildPhase;
			buildActionMask = 2147483647;
			files = (
			);
			runOnlyForDeploymentPostprocessing = 0;
		};
		B022FEDA2327F166005F10E0 /* Frameworks */ = {
			isa = PBXFrameworksBuildPhase;
			buildActionMask = 2147483647;
			files = (
			);
			runOnlyForDeploymentPostprocessing = 0;
		};
/* End PBXFrameworksBuildPhase section */

/* Begin PBXGroup section */
		B022FEB52327F164005F10E0 = {
			isa = PBXGroup;
			children = (
				B022FEC02327F164005F10E0 /* Buggy */,
				B022FED52327F166005F10E0 /* BuggyTests */,
				B022FEE02327F166005F10E0 /* BuggyUITests */,
				B022FEBF2327F164005F10E0 /* Products */,
			);
			sourceTree = "<group>";
		};
		B022FEBF2327F164005F10E0 /* Products */ = {
			isa = PBXGroup;
			children = (
				B022FEBE2327F164005F10E0 /* Buggy.app */,
				B022FED22327F166005F10E0 /* BuggyTests.xctest */,
				B022FEDD2327F166005F10E0 /* BuggyUITests.xctest */,
			);
			name = Products;
			sourceTree = "<group>";
		};
		B022FEC02327F164005F10E0 /* Buggy */ = {
			isa = PBXGroup;
			children = (
				B022FEC12327F164005F10E0 /* AppDelegate.swift */,
				B022FEC32327F164005F10E0 /* ViewController.swift */,
				B022FEC52327F164005F10E0 /* Main.storyboard */,
				B022FEC82327F166005F10E0 /* Assets.xcassets */,
				B022FECA2327F166005F10E0 /* LaunchScreen.storyboard */,
				B022FECD2327F166005F10E0 /* Info.plist */,
			);
			path = Buggy;
			sourceTree = "<group>";
		};
		B022FED52327F166005F10E0 /* BuggyTests */ = {
			isa = PBXGroup;
			children = (
				B022FED62327F166005F10E0 /* BuggyTests.swift */,
				B022FED82327F166005F10E0 /* Info.plist */,
			);
			path = BuggyTests;
			sourceTree = "<group>";
		};
		B022FEE02327F166005F10E0 /* BuggyUITests */ = {
			isa = PBXGroup;
			children = (
				B022FEE12327F166005F10E0 /* BuggyUITests.swift */,
				B022FEE32327F166005F10E0 /* Info.plist */,
			);
			path = BuggyUITests;
			sourceTree = "<group>";
		};
/* End PBXGroup section */

/* Begin PBXNativeTarget section */
		B022FEBD2327F164005F10E0 /* Buggy */ = {
			isa = PBXNativeTarget;
			buildConfigurationList = B022FEE62327F166005F10E0 /* Build configuration list for PBXNativeTarget "Buggy" */;
			buildPhases = (
				B022FEBA2327F164005F10E0 /* Sources */,
				B022FEBB2327F164005F10E0 /* Frameworks */,
				B022FEBC2327F164005F10E0 /* Resources */,
			);
			buildRules = (
			);
			dependencies = (
			);
			name = Buggy;
			productName = Buggy;
			productReference = B022FEBE2327F164005F10E0 /* Buggy.app */;
			productType = "com.apple.product-type.application";
		};
		B022FED12327F166005F10E0 /* BuggyTests */ = {
			isa = PBXNativeTarget;
			buildConfigurationList = B022FEE92327F166005F10E0 /* Build configuration list for PBXNativeTarget "BuggyTests" */;
			buildPhases = (
				B022FECE2327F166005F10E0 /* Sources */,
				B022FECF2327F166005F10E0 /* Frameworks */,
				B022FED02327F166005F10E0 /* Resources */,
			);
			buildRules = (
			);
			dependencies = (
				B022FED42327F166005F10E0 /* PBXTargetDependency */,
			);
			name = BuggyTests;
			productName = BuggyTests;
			productReference = B022FED22327F166005F10E0 /* BuggyTests.xctest */;
			productType = "com.apple.product-type.bundle.unit-test";
		};
		B022FEDC2327F166005F10E0 /* BuggyUITests */ = {
			isa = PBXNativeTarget;
			buildConfigurationList = B022FEEC2327F166005F10E0 /* Build configuration list for PBXNativeTarget "BuggyUITests" */;
			buildPhases = (
				B022FED92327F166005F10E0 /* Sources */,
				B022FEDA2327F166005F10E0 /* Frameworks */,
				B022FEDB2327F166005F10E0 /* Resources */,
			);
			buildRules = (
			);
			dependencies = (
				B022FEDF2327F166005F10E0 /* PBXTargetDependency */,
			);
			name = BuggyUITests;
			productName = BuggyUITests;
			productReference = B022FEDD2327F166005F10E0 /* BuggyUITests.xctest */;
			productType = "com.apple.product-type.bundle.ui-testing";
		};
/* End PBXNativeTarget section */

/* Begin PBXProject section */
		B022FEB62327F164005F10E0 /* Project object */ = {
			isa = PBXProject;
			attributes = {
				LastSwiftUpdateCheck = 1010;
				LastUpgradeCheck = 1010;
				ORGANIZATIONNAME = Go7hic;
				TargetAttributes = {
					B022FEBD2327F164005F10E0 = {
						CreatedOnToolsVersion = 10.1;
					};
					B022FED12327F166005F10E0 = {
						CreatedOnToolsVersion = 10.1;
						TestTargetID = B022FEBD2327F164005F10E0;
					};
					B022FEDC2327F166005F10E0 = {
						CreatedOnToolsVersion = 10.1;
						TestTargetID = B022FEBD2327F164005F10E0;
					};
				};
			};
			buildConfigurationList = B022FEB92327F164005F10E0 /* Build configuration list for PBXProject "Buggy" */;
			compatibilityVersion = "Xcode 9.3";
			developmentRegion = en;
			hasScannedForEncodings = 0;
			knownRegions = (
				en,
				Base,
			);
			mainGroup = B022FEB52327F164005F10E0;
			productRefGroup = B022FEBF2327F164005F10E0 /* Products */;
			projectDirPath = "";
			projectRoot = "";
			targets = (
				B022FEBD2327F164005F10E0 /* Buggy */,
				B022FED12327F166005F10E0 /* BuggyTests */,
				B022FEDC2327F166005F10E0 /* BuggyUITests */,
			);
		};
/* End PBXProject section */

/* Begin PBXResourcesBuildPhase section */
		B022FEBC2327F164005F10E0 /* Resources */ = {
			isa = PBXResourcesBuildPhase;
			buildActionMask = 2147483647;
			files = (
				B022FECC2327F166005F10E0 /* LaunchScreen.storyboard in Resources */,
				B022FEC92327F166005F10E0 /* Assets.xcassets in Resources */,
				B022FEC72327F164005F10E0 /* Main.storyboard in Resources */,
			);
			runOnlyForDeploymentPostprocessing = 0;
		};
		B022FED02327F166005F10E0 /* Resources */ = {
			isa = PBXResourcesBuildPhase;
			buildActionMask = 2147483647;
			files = (
			);
			runOnlyForDeploymentPostprocessing = 0;
		};
		B022FEDB2327F166005F10E0 /* Resources */ = {
			isa = PBXResourcesBuildPhase;
			buildActionMask = 2147483647;
			files = (
			);
			runOnlyForDeploymentPostprocessing = 0;
		};
/* End PBXResourcesBuildPhase section */

/* Begin PBXSourcesBuildPhase section */
		B022FEBA2327F164005F10E0 /* Sources */ = {
			isa = PBXSourcesBuildPhase;
			buildActionMask = 2147483647;
			files = (
				B022FEC42327F164005F10E0 /* ViewController.swift in Sources */,
				B022FEC22327F164005F10E0 /* AppDelegate.swift in Sources */,
			);
			runOnlyForDeploymentPostprocessing = 0;
		};
		B022FECE2327F166005F10E0 /* Sources */ = {
			isa = PBXSourcesBuildPhase;
			buildActionMask = 2147483647;
			files = (
				B022FED72327F166005F10E0 /* BuggyTests.swift in Sources */,
			);
			runOnlyForDeploymentPostprocessing = 0;
		};
		B022FED92327F166005F10E0 /* Sources */ = {
			isa = PBXSourcesBuildPhase;
			buildActionMask = 2147483647;
			files = (
				B022FEE22327F166005F10E0 /* BuggyUITests.swift in Sources */,
			);
			runOnlyForDeploymentPostprocessing = 0;
		};
/* End PBXSourcesBuildPhase section */

/* Begin PBXTargetDependency section */
		B022FED42327F166005F10E0 /* PBXTargetDependency */ = {
			isa = PBXTargetDependency;
			target = B022FEBD2327F164005F10E0 /* Buggy */;
			targetProxy = B022FED32327F166005F10E0 /* PBXContainerItemProxy */;
		};
		B022FEDF2327F166005F10E0 /* PBXTargetDependency */ = {
			isa = PBXTargetDependency;
			target = B022FEBD2327F164005F10E0 /* Buggy */;
			targetProxy = B022FEDE2327F166005F10E0 /* PBXContainerItemProxy */;
		};
/* End PBXTargetDependency section */

/* Begin PBXVariantGroup section */
		B022FEC52327F164005F10E0 /* Main.storyboard */ = {
			isa = PBXVariantGroup;
			children = (
				B022FEC62327F164005F10E0 /* Base */,
			);
			name = Main.storyboard;
			sourceTree = "<group>";
		};
		B022FECA2327F166005F10E0 /* LaunchScreen.storyboard */ = {
			isa = PBXVariantGroup;
			children = (
				B022FECB2327F166005F10E0 /* Base */,
			);
			name = LaunchScreen.storyboard;
			sourceTree = "<group>";
		};
/* End PBXVariantGroup section */

/* Begin XCBuildConfiguration section */
		B022FEE42327F166005F10E0 /* Debug */ = {
			isa = XCBuildConfiguration;
			buildSettings = {
				ALWAYS_SEARCH_USER_PATHS = NO;
				CLANG_ANALYZER_NONNULL = YES;
				CLANG_ANALYZER_NUMBER_OBJECT_CONVERSION = YES_AGGRESSIVE;
				CLANG_CXX_LANGUAGE_STANDARD = "gnu++14";
				CLANG_CXX_LIBRARY = "libc++";
				CLANG_ENABLE_MODULES = YES;
				CLANG_ENABLE_OBJC_ARC = YES;
				CLANG_ENABLE_OBJC_WEAK = YES;
				CLANG_WARN_BLOCK_CAPTURE_AUTORELEASING = YES;
				CLANG_WARN_BOOL_CONVERSION = YES;
				CLANG_WARN_COMMA = YES;
				CLANG_WARN_CONSTANT_CONVERSION = YES;
				CLANG_WARN_DEPRECATED_OBJC_IMPLEMENTATIONS = YES;
				CLANG_WARN_DIRECT_OBJC_ISA_USAGE = YES_ERROR;
				CLANG_WARN_DOCUMENTATION_COMMENTS = YES;
				CLANG_WARN_EMPTY_BODY = YES;
				CLANG_WARN_ENUM_CONVERSION = YES;
				CLANG_WARN_INFINITE_RECURSION = YES;
				CLANG_WARN_INT_CONVERSION = YES;
				CLANG_WARN_NON_LITERAL_NULL_CONVERSION = YES;
				CLANG_WARN_OBJC_IMPLICIT_RETAIN_SELF = YES;
				CLANG_WARN_OBJC_LITERAL_CONVERSION = YES;
				CLANG_WARN_OBJC_ROOT_CLASS = YES_ERROR;
				CLANG_WARN_RANGE_LOOP_ANALYSIS = YES;
				CLANG_WARN_STRICT_PROTOTYPES = YES;
				CLANG_WARN_SUSPICIOUS_MOVE = YES;
				CLANG_WARN_UNGUARDED_AVAILABILITY = YES_AGGRESSIVE;
				CLANG_WARN_UNREACHABLE_CODE = YES;
				CLANG_WARN__DUPLICATE_METHOD_MATCH = YES;
				CODE_SIGN_IDENTITY = "iPhone Developer";
				COPY_PHASE_STRIP = NO;
				DEBUG_INFORMATION_FORMAT = dwarf;
				ENABLE_STRICT_OBJC_MSGSEND = YES;
				ENABLE_TESTABILITY = YES;
				GCC_C_LANGUAGE_STANDARD = gnu11;
				GCC_DYNAMIC_NO_PIC = NO;
				GCC_NO_COMMON_BLOCKS = YES;
				GCC_OPTIMIZATION_LEVEL = 0;
				GCC_PREPROCESSOR_DEFINITIONS = (
					"DEBUG=1",
					"$(inherited)",
				);
				GCC_WARN_64_TO_32_BIT_CONVERSION = YES;
				GCC_WARN_ABOUT_RETURN_TYPE = YES_ERROR;
				GCC_WARN_UNDECLARED_SELECTOR = YES;
				GCC_WARN_UNINITIALIZED_AUTOS = YES_AGGRESSIVE;
				GCC_WARN_UNUSED_FUNCTION = YES;
				GCC_WARN_UNUSED_VARIABLE = YES;
				IPHONEOS_DEPLOYMENT_TARGET = 12.1;
				MTL_ENABLE_DEBUG_INFO = INCLUDE_SOURCE;
				MTL_FAST_MATH = YES;
				ONLY_ACTIVE_ARCH = YES;
				SDKROOT = iphoneos;
				SWIFT_ACTIVE_COMPILATION_CONDITIONS = DEBUG;
				SWIFT_OPTIMIZATION_LEVEL = "-Onone";
			};
			name = Debug;
		};
		B022FEE52327F166005F10E0 /* Release */ = {
			isa = XCBuildConfiguration;
			buildSettings = {
				ALWAYS_SEARCH_USER_PATHS = NO;
				CLANG_ANALYZER_NONNULL = YES;
				CLANG_ANALYZER_NUMBER_OBJECT_CONVERSION = YES_AGGRESSIVE;
				CLANG_CXX_LANGUAGE_STANDARD = "gnu++14";
				CLANG_CXX_LIBRARY = "libc++";
				CLANG_ENABLE_MODULES = YES;
				CLANG_ENABLE_OBJC_ARC = YES;
				CLANG_ENABLE_OBJC_WEAK = YES;
				CLANG_WARN_BLOCK_CAPTURE_AUTORELEASING = YES;
				CLANG_WARN_BOOL_CONVERSION = YES;
				CLANG_WARN_COMMA = YES;
				CLANG_WARN_CONSTANT_CONVERSION = YES;
				CLANG_WARN_DEPRECATED_OBJC_IMPLEMENTATIONS = YES;
				CLANG_WARN_DIRECT_OBJC_ISA_USAGE = YES_ERROR;
				CLANG_WARN_DOCUMENTATION_COMMENTS = YES;
				CLANG_WARN_EMPTY_BODY = YES;
				CLANG_WARN_ENUM_CONVERSION = YES;
				CLANG_WARN_INFINITE_RECURSION = YES;
				CLANG_WARN_INT_CONVERSION = YES;
				CLANG_WARN_NON_LITERAL_NULL_CONVERSION = YES;
				CLANG_WARN_OBJC_IMPLICIT_RETAIN_SELF = YES;
				CLANG_WARN_OBJC_LITERAL_CONVERSION = YES;
				CLANG_WARN_OBJC_ROOT_CLASS = YES_ERROR;
				CLANG_WARN_RANGE_LOOP_ANALYSIS = YES;
				CLANG_WARN_STRICT_PROTOTYPES = YES;
				CLANG_WARN_SUSPICIOUS_MOVE = YES;
				CLANG_WARN_UNGUARDED_AVAILABILITY = YES_AGGRESSIVE;
				CLANG_WARN_UNREACHABLE_CODE = YES;
				CLANG_WARN__DUPLICATE_METHOD_MATCH = YES;
				CODE_SIGN_IDENTITY = "iPhone Developer";
				COPY_PHASE_STRIP = NO;
				DEBUG_INFORMATION_FORMAT = "dwarf-with-dsym";
				ENABLE_NS_ASSERTIONS = NO;
				ENABLE_STRICT_OBJC_MSGSEND = YES;
				GCC_C_LANGUAGE_STANDARD = gnu11;
				GCC_NO_COMMON_BLOCKS = YES;
				GCC_WARN_64_TO_32_BIT_CONVERSION = YES;
				GCC_WARN_ABOUT_RETURN_TYPE = YES_ERROR;
				GCC_WARN_UNDECLARED_SELECTOR = YES;
				GCC_WARN_UNINITIALIZED_AUTOS = YES_AGGRESSIVE;
				GCC_WARN_UNUSED_FUNCTION = YES;
				GCC_WARN_UNUSED_VARIABLE = YES;
				IPHONEOS_DEPLOYMENT_TARGET = 12.1;
				MTL_ENABLE_DEBUG_INFO = NO;
				MTL_FAST_MATH = YES;
				SDKROOT = iphoneos;
				SWIFT_COMPILATION_MODE = wholemodule;
				SWIFT_OPTIMIZATION_LEVEL = "-O";
				VALIDATE_PRODUCT = YES;
			};
			name = Release;
		};
		B022FEE72327F166005F10E0 /* Debug */ = {
			isa = XCBuildConfiguration;
			buildSettings = {
				ASSETCATALOG_COMPILER_APPICON_NAME = AppIcon;
				CODE_SIGN_STYLE = Automatic;
				DEVELOPMENT_TEAM = CE8N4Z6AQ3;
				INFOPLIST_FILE = Buggy/Info.plist;
				LD_RUNPATH_SEARCH_PATHS = (
					"$(inherited)",
					"@executable_path/Frameworks",
				);
				PRODUCT_BUNDLE_IDENTIFIER = Go7hic.Buggy;
				PRODUCT_NAME = "$(TARGET_NAME)";
				SWIFT_VERSION = 4.2;
				TARGETED_DEVICE_FAMILY = "1,2";
			};
			name = Debug;
		};
		B022FEE82327F166005F10E0 /* Release */ = {
			isa = XCBuildConfiguration;
			buildSettings = {
				ASSETCATALOG_COMPILER_APPICON_NAME = AppIcon;
				CODE_SIGN_STYLE = Automatic;
				DEVELOPMENT_TEAM = CE8N4Z6AQ3;
				INFOPLIST_FILE = Buggy/Info.plist;
				LD_RUNPATH_SEARCH_PATHS = (
					"$(inherited)",
					"@executable_path/Frameworks",
				);
				PRODUCT_BUNDLE_IDENTIFIER = Go7hic.Buggy;
				PRODUCT_NAME = "$(TARGET_NAME)";
				SWIFT_VERSION = 4.2;
				TARGETED_DEVICE_FAMILY = "1,2";
			};
			name = Release;
		};
		B022FEEA2327F166005F10E0 /* Debug */ = {
			isa = XCBuildConfiguration;
			buildSettings = {
				ALWAYS_EMBED_SWIFT_STANDARD_LIBRARIES = YES;
				BUNDLE_LOADER = "$(TEST_HOST)";
				CODE_SIGN_STYLE = Automatic;
				DEVELOPMENT_TEAM = CE8N4Z6AQ3;
				INFOPLIST_FILE = BuggyTests/Info.plist;
				LD_RUNPATH_SEARCH_PATHS = (
					"$(inherited)",
					"@executable_path/Frameworks",
					"@loader_path/Frameworks",
				);
				PRODUCT_BUNDLE_IDENTIFIER = Go7hic.BuggyTests;
				PRODUCT_NAME = "$(TARGET_NAME)";
				SWIFT_VERSION = 4.2;
				TARGETED_DEVICE_FAMILY = "1,2";
				TEST_HOST = "$(BUILT_PRODUCTS_DIR)/Buggy.app/Buggy";
			};
			name = Debug;
		};
		B022FEEB2327F166005F10E0 /* Release */ = {
			isa = XCBuildConfiguration;
			buildSettings = {
				ALWAYS_EMBED_SWIFT_STANDARD_LIBRARIES = YES;
				BUNDLE_LOADER = "$(TEST_HOST)";
				CODE_SIGN_STYLE = Automatic;
				DEVELOPMENT_TEAM = CE8N4Z6AQ3;
				INFOPLIST_FILE = BuggyTests/Info.plist;
				LD_RUNPATH_SEARCH_PATHS = (
					"$(inherited)",
					"@executable_path/Frameworks",
					"@loader_path/Frameworks",
				);
				PRODUCT_BUNDLE_IDENTIFIER = Go7hic.BuggyTests;
				PRODUCT_NAME = "$(TARGET_NAME)";
				SWIFT_VERSION = 4.2;
				TARGETED_DEVICE_FAMILY = "1,2";
				TEST_HOST = "$(BUILT_PRODUCTS_DIR)/Buggy.app/Buggy";
			};
			name = Release;
		};
		B022FEED2327F166005F10E0 /* Debug */ = {
			isa = XCBuildConfiguration;
			buildSettings = {
				ALWAYS_EMBED_SWIFT_STANDARD_LIBRARIES = YES;
				CODE_SIGN_STYLE = Automatic;
				DEVELOPMENT_TEAM = CE8N4Z6AQ3;
				INFOPLIST_FILE = BuggyUITests/Info.plist;
				LD_RUNPATH_SEARCH_PATHS = (
					"$(inherited)",
					"@executable_path/Frameworks",
					"@loader_path/Frameworks",
				);
				PRODUCT_BUNDLE_IDENTIFIER = Go7hic.BuggyUITests;
				PRODUCT_NAME = "$(TARGET_NAME)";
				SWIFT_VERSION = 4.2;
				TARGETED_DEVICE_FAMILY = "1,2";
				TEST_TARGET_NAME = Buggy;
			};
			name = Debug;
		};
		B022FEEE2327F166005F10E0 /* Release */ = {
			isa = XCBuildConfiguration;
			buildSettings = {
				ALWAYS_EMBED_SWIFT_STANDARD_LIBRARIES = YES;
				CODE_SIGN_STYLE = Automatic;
				DEVELOPMENT_TEAM = CE8N4Z6AQ3;
				INFOPLIST_FILE = BuggyUITests/Info.plist;
				LD_RUNPATH_SEARCH_PATHS = (
					"$(inherited)",
					"@executable_path/Frameworks",
					"@loader_path/Frameworks",
				);
				PRODUCT_BUNDLE_IDENTIFIER = Go7hic.BuggyUITests;
				PRODUCT_NAME = "$(TARGET_NAME)";
				SWIFT_VERSION = 4.2;
				TARGETED_DEVICE_FAMILY = "1,2";
				TEST_TARGET_NAME = Buggy;
			};
			name = Release;
		};
/* End XCBuildConfiguration section */

/* Begin XCConfigurationList section */
		B022FEB92327F164005F10E0 /* Build configuration list for PBXProject "Buggy" */ = {
			isa = XCConfigurationList;
			buildConfigurations = (
				B022FEE42327F166005F10E0 /* Debug */,
				B022FEE52327F166005F10E0 /* Release */,
			);
			defaultConfigurationIsVisible = 0;
			defaultConfigurationName = Release;
		};
		B022FEE62327F166005F10E0 /* Build configuration list for PBXNativeTarget "Buggy" */ = {
			isa = XCConfigurationList;
			buildConfigurations = (
				B022FEE72327F166005F10E0 /* Debug */,
				B022FEE82327F166005F10E0 /* Release */,
			);
			defaultConfigurationIsVisible = 0;
			defaultConfigurationName = Release;
		};
		B022FEE92327F166005F10E0 /* Build configuration list for PBXNativeTarget "BuggyTests" */ = {
			isa = XCConfigurationList;
			buildConfigurations = (
				B022FEEA2327F166005F10E0 /* Debug */,
				B022FEEB2327F166005F10E0 /* Release */,
			);
			defaultConfigurationIsVisible = 0;
			defaultConfigurationName = Release;
		};
		B022FEEC2327F166005F10E0 /* Build configuration list for PBXNativeTarget "BuggyUITests" */ = {
			isa = XCConfigurationList;
			buildConfigurations = (
				B022FEED2327F166005F10E0 /* Debug */,
				B022FEEE2327F166005F10E0 /* Release */,
			);
			defaultConfigurationIsVisible = 0;
			defaultConfigurationName = Release;
		};
/* End XCConfigurationList section */
	};
	rootObject = B022FEB62327F164005F10E0 /* Project object */;
}
